<?xml version="1.0" encoding="utf-8"?>
<Project ToolsVersion="4.0" xmlns="http://schemas.microsoft.com/developer/msbuild/2003">
  <ItemGroup>
    <Filter Include="Source Files">
      <UniqueIdentifier>{4FC737F1-C7A5-4376-A066-2A32D752A2FF}</UniqueIdentifier>
      <Extensions>cpp;c;cc;cxx;def;odl;idl;hpj;bat;asm;asmx</Extensions>
    </Filter>
    <Filter Include="Header Files">
      <UniqueIdentifier>{93995380-89BD-4b04-88EB-625FBE52EBFB}</UniqueIdentifier>
      <Extensions>h;hpp;hxx;hm;inl;inc;xsd</Extensions>
    </Filter>
    <Filter Include="Resource Files">
      <UniqueIdentifier>{67DA6AB6-F800-4c08-8B7A-83BB121AAD01}</UniqueIdentifier>
      <Extensions>rc;ico;cur;bmp;dlg;rc2;rct;bin;rgs;gif;jpg;jpeg;jpe;resx;tiff;tif;png;wav;mfcribbon-ms</Extensions>
    </Filter>
    <Filter Include="Header Files\Classifiers">
      <UniqueIdentifier>{77e04514-ff30-4c15-b5a2-06007870e323}</UniqueIdentifier>
    </Filter>
    <Filter Include="Source Files\Classifiers">
      <UniqueIdentifier>{841edc35-ef64-4d6e-a599-0d28f31d706c}</UniqueIdentifier>
    </Filter>
    <Filter Include="Header Files\Params">
      <UniqueIdentifier>{513bdc6a-af4c-4d22-bfde-621af7ca8a3e}</UniqueIdentifier>
    </Filter>
    <Filter Include="Source Files\Params">
      <UniqueIdentifier>{f0da97c7-8f43-439f-94fa-4fd0a62e87d1}</UniqueIdentifier>
    </Filter>
  </ItemGroup>
  <ItemGroup>
    <ClCompile Include="OpenPGM.cpp">
      <Filter>Source Files</Filter>
    </ClCompile>
    <ClCompile Include="ClassifierBI.cpp">
      <Filter>Source Files</Filter>
    </ClCompile>
    <ClCompile Include="MLPClassifierBI.cpp">
      <Filter>Source Files\Classifiers</Filter>
    </ClCompile>
    <ClCompile Include="MLPParamsBI.cpp">
      <Filter>Source Files\Params</Filter>
    </ClCompile>
  </ItemGroup>
  <ItemGroup>
    <ClInclude Include="ClassifierBI.h">
      <Filter>Header Files</Filter>
    </ClInclude>
    <ClInclude Include="MLPClassifierBI.h">
      <Filter>Header Files\Classifiers</Filter>
    </ClInclude>
    <ClInclude Include="MLPParamsBI.h">
      <Filter>Header Files\Params</Filter>
    </ClInclude>
    <ClInclude Include="IClassParams.h">
      <Filter>Header Files</Filter>
    </ClInclude>
    <ClInclude Include="ClassResults.h">
      <Filter>Header Files</Filter>
    </ClInclude>
  </ItemGroup>
</Project>