<?xml version="1.0" encoding="utf-8"?>
<Project ToolsVersion="4.0" xmlns="http://schemas.microsoft.com/developer/msbuild/2003">
  <ItemGroup>
    <Filter Include="Source Files">
      <UniqueIdentifier>{4FC737F1-C7A5-4376-A066-2A32D752A2FF}</UniqueIdentifier>
      <Extensions>cpp;c;cc;cxx;def;odl;idl;hpj;bat;asm;asmx</Extensions>
    </Filter>
    <Filter Include="Header Files">
      <UniqueIdentifier>{93995380-89BD-4b04-88EB-625FBE52EBFB}</UniqueIdentifier>
      <Extensions>h;hpp;hxx;hm;inl;inc;xsd</Extensions>
    </Filter>
    <Filter Include="Resource Files">
      <UniqueIdentifier>{67DA6AB6-F800-4c08-8B7A-83BB121AAD01}</UniqueIdentifier>
      <Extensions>rc;ico;cur;bmp;dlg;rc2;rct;bin;rgs;gif;jpg;jpeg;jpe;resx;tiff;tif;png;wav;mfcribbon-ms</Extensions>
    </Filter>
    <Filter Include="Header Files\Classifiers">
      <UniqueIdentifier>{00c8fe19-115e-401c-a9b0-10dbbdd0dbc9}</UniqueIdentifier>
    </Filter>
    <Filter Include="Source Files\Classifiers">
      <UniqueIdentifier>{271b33ba-676d-4222-b70a-a53c87426b88}</UniqueIdentifier>
    </Filter>
    <Filter Include="Header Files\Params">
      <UniqueIdentifier>{6d850ba8-43ce-4522-8c8c-29dccf77be77}</UniqueIdentifier>
    </Filter>
    <Filter Include="Source Files\Params">
      <UniqueIdentifier>{ba254114-a8e4-4c6e-a100-dceb4b446a47}</UniqueIdentifier>
    </Filter>
  </ItemGroup>
  <ItemGroup>
    <ClCompile Include="main.cpp">
      <Filter>Source Files</Filter>
    </ClCompile>
    <ClCompile Include="SVMParamsBI.cpp">
      <Filter>Source Files\Params</Filter>
    </ClCompile>
    <ClCompile Include="ClassifierBI.cpp">
      <Filter>Source Files</Filter>
    </ClCompile>
    <ClCompile Include="NBClassifierBI.cpp">
      <Filter>Source Files\Classifiers</Filter>
    </ClCompile>
    <ClCompile Include="SVMClassifierBI.cpp">
      <Filter>Source Files\Classifiers</Filter>
    </ClCompile>
    <ClCompile Include="ClassifierLauncher.cpp">
      <Filter>Source Files</Filter>
    </ClCompile>
    <ClCompile Include="Global.cpp">
      <Filter>Source Files</Filter>
    </ClCompile>
  </ItemGroup>
  <ItemGroup>
    <None Include="resources\prac1_fichPuntosFaciales.txt">
      <Filter>Resource Files</Filter>
    </None>
  </ItemGroup>
  <ItemGroup>
    <ClInclude Include="Global.h">
      <Filter>Header Files</Filter>
    </ClInclude>
    <ClInclude Include="IClassParams.h">
      <Filter>Header Files</Filter>
    </ClInclude>
    <ClInclude Include="ClassifierLauncher.h">
      <Filter>Header Files</Filter>
    </ClInclude>
    <ClInclude Include="ClassResults.h">
      <Filter>Header Files</Filter>
    </ClInclude>
    <ClInclude Include="SVMParamsBI.h">
      <Filter>Header Files\Params</Filter>
    </ClInclude>
    <ClInclude Include="NBParamsBI.h">
      <Filter>Header Files\Params</Filter>
    </ClInclude>
    <ClInclude Include="ClassifierBI.h">
      <Filter>Header Files</Filter>
    </ClInclude>
    <ClInclude Include="NBClassifierBI.h">
      <Filter>Header Files\Classifiers</Filter>
    </ClInclude>
    <ClInclude Include="SVMClassifierBI.h">
      <Filter>Header Files\Classifiers</Filter>
    </ClInclude>
  </ItemGroup>
</Project>